
Microsoft Visual Studio Solution File, Format Version 12.00
# Visual Studio Version 17
VisualStudioVersion = 17.7.34031.279
MinimumVisualStudioVersion = 10.0.40219.1
Project("{2150E333-8FDC-42A3-9474-1A3956D46DE8}") = "Task0", "Task0", "{74DAC428-D1AD-4D26-89B9-EAA57EB34BA1}"
EndProject
Project("{FAE04EC0-301F-11D3-BF4B-00C04F79EFBC}") = "Tyuiu.PomazDS.Sprint2.Task0.V18", "Tyuiu.PomazDS.Sprint2.Task0.V18\Tyuiu.PomazDS.Sprint2.Task0.V18.csproj", "{84145353-4A15-4C5C-8789-A659040BF418}"
EndProject
Project("{FAE04EC0-301F-11D3-BF4B-00C04F79EFBC}") = "Tyuiu.PomazDS.Sprint2.Task0.V18.Lib", "Tyuiu.PomazDS.Sprint2.Task0.V18.Lib\Tyuiu.PomazDS.Sprint2.Task0.V18.Lib.csproj", "{47E475A2-8E78-4490-B3BA-71A24E537A14}"
EndProject
Project("{FAE04EC0-301F-11D3-BF4B-00C04F79EFBC}") = "Tyuiu.PomazDS.Sprint2.Task0.V18.Test", "Tyuiu.PomazDS.Sprint2.Task0.V18.Test\Tyuiu.PomazDS.Sprint2.Task0.V18.Test.csproj", "{94389FFB-D09A-4BBA-B3AC-9F5BD180B1BD}"
EndProject
Project("{2150E333-8FDC-42A3-9474-1A3956D46DE8}") = "Task1", "Task1", "{F3588B30-C22C-4DF9-9EB2-3C18CD44F455}"
EndProject
Project("{FAE04EC0-301F-11D3-BF4B-00C04F79EFBC}") = "Tyuiu.PomazDS.Sprint2.Task1.V15", "Tyuiu.PomazDS.Sprint2.Task1.V15\Tyuiu.PomazDS.Sprint2.Task1.V15.csproj", "{D4493D08-04B2-4C30-8270-9523EFC11641}"
EndProject
Project("{FAE04EC0-301F-11D3-BF4B-00C04F79EFBC}") = "Tyuiu.PomazDS.Sprint2.Task1.V15.Lib", "Tyuiu.PomazDS.Sprint2.Task1.V15.Lib\Tyuiu.PomazDS.Sprint2.Task1.V15.Lib.csproj", "{83684BDC-ACE8-466C-9847-A3C7AFC54760}"
EndProject
Project("{FAE04EC0-301F-11D3-BF4B-00C04F79EFBC}") = "Tyuiu.PomazDS.Sprint2.Task1.V15.Test", "Tyuiu.PomazDS.Sprint2.Task1.V15.Test\Tyuiu.PomazDS.Sprint2.Task1.V15.Test.csproj", "{62E9CE80-1826-4E62-9FD2-CF0BF2B9ABE9}"
EndProject
Project("{2150E333-8FDC-42A3-9474-1A3956D46DE8}") = "Task2", "Task2", "{1C02D514-20A7-47BE-ABA3-F4144437F90E}"
EndProject
Project("{FAE04EC0-301F-11D3-BF4B-00C04F79EFBC}") = "Tyuiu.PomazDS.Sprint2.Task2.V27", "Tyuiu.PomazDS.Sprint2.Task2.V27\Tyuiu.PomazDS.Sprint2.Task2.V27.csproj", "{AE2D808A-60E4-47E4-A82A-3885E116628F}"
EndProject
Project("{FAE04EC0-301F-11D3-BF4B-00C04F79EFBC}") = "Tyuiu.PomazDS.Sprint2.Task2.V27.Lib", "Tyuiu.PomazDS.Sprint2.Task2.V27.Lib\Tyuiu.PomazDS.Sprint2.Task2.V27.Lib.csproj", "{B3F1CF2B-5791-4BAC-B82B-496804CAC958}"
EndProject
Project("{FAE04EC0-301F-11D3-BF4B-00C04F79EFBC}") = "Tyuiu.PomazDS.Sprint2.Task2.V27.Test", "Tyuiu.PomazDS.Sprint2.Task2.V27.Test\Tyuiu.PomazDS.Sprint2.Task2.V27.Test.csproj", "{4FE4968D-CED4-4F19-82B4-DBEA2B9FCC07}"
EndProject
Project("{2150E333-8FDC-42A3-9474-1A3956D46DE8}") = "Task3", "Task3", "{42859ADD-A350-4E26-975F-C933CC6ADEC0}"
EndProject
Project("{FAE04EC0-301F-11D3-BF4B-00C04F79EFBC}") = "Tyuiu.PomazDS.Sprint2.Task3.V10", "Tyuiu.PomazDS.Sprint2.Task3.V10\Tyuiu.PomazDS.Sprint2.Task3.V10.csproj", "{82FEBC60-95F4-4F4B-B21C-F5D3821CC1AB}"
EndProject
Project("{FAE04EC0-301F-11D3-BF4B-00C04F79EFBC}") = "Tyuiu.PomazDS.Sprint2.Task3.V10.Lib", "Tyuiu.PomazDS.Sprint2.Task3.V10.Lib\Tyuiu.PomazDS.Sprint2.Task3.V10.Lib.csproj", "{433C76FF-7ACE-49CD-AA98-17058325C328}"
EndProject
Project("{FAE04EC0-301F-11D3-BF4B-00C04F79EFBC}") = "Tyuiu.PomazDS.Sprint2.Task3.V10.Test", "Tyuiu.PomazDS.Sprint2.Task3.V10.Test\Tyuiu.PomazDS.Sprint2.Task3.V10.Test.csproj", "{1CD1AC21-5AD5-4FAA-B286-444C388E970B}"
EndProject
Project("{2150E333-8FDC-42A3-9474-1A3956D46DE8}") = "Task4", "Task4", "{703F5585-79DC-4200-9179-3B03BD34DE60}"
EndProject
Project("{FAE04EC0-301F-11D3-BF4B-00C04F79EFBC}") = "Tyuiu.PomazDS.Sprint2.Task4.V3", "Tyuiu.PomazDS.Sprint2.Task4.V3\Tyuiu.PomazDS.Sprint2.Task4.V3.csproj", "{1B76F253-D0DD-4F53-AB2C-AA19C7B423BA}"
EndProject
Project("{FAE04EC0-301F-11D3-BF4B-00C04F79EFBC}") = "Tyuiu.PomazDS.Sprint2.Task4.V3.Lib", "Tyuiu.PomazDS.Sprint2.Task4.V3.Lib\Tyuiu.PomazDS.Sprint2.Task4.V3.Lib.csproj", "{C53D1C59-7184-4CA6-B63F-890924F68E67}"
EndProject
Project("{FAE04EC0-301F-11D3-BF4B-00C04F79EFBC}") = "Tyuiu.PomazDS.Sprint2.Task4.V3.Test", "Tyuiu.PomazDS.Sprint2.Task4.V3.Test\Tyuiu.PomazDS.Sprint2.Task4.V3.Test.csproj", "{6BFAC825-537E-4F7C-9403-90ED39655C30}"
EndProject
Project("{2150E333-8FDC-42A3-9474-1A3956D46DE8}") = "Task5", "Task5", "{8F22C872-BE98-480E-89A4-154AEA82D83B}"
EndProject
Project("{FAE04EC0-301F-11D3-BF4B-00C04F79EFBC}") = "Tyuiu.PomazDS.Sprint2.Task5.V1", "Tyuiu.PomazDS.Sprint2.Task5.V1\Tyuiu.PomazDS.Sprint2.Task5.V1.csproj", "{8B1EEFD9-F4DC-4175-A369-EA8C81A871CE}"
EndProject
Project("{FAE04EC0-301F-11D3-BF4B-00C04F79EFBC}") = "Tyuiu.PomazDS.Sprint2.Task5.V1.Lib", "Tyuiu.PomazDS.Sprint2.Task5.V1.Lib\Tyuiu.PomazDS.Sprint2.Task5.V1.Lib.csproj", "{F307779D-F67F-4320-9D89-9290ECF01EEE}"
EndProject
Project("{FAE04EC0-301F-11D3-BF4B-00C04F79EFBC}") = "Tyuiu.PomazDS.Sprint2.Task5.V1.Test", "Tyuiu.PomazDS.Sprint2.Task5.V1.Test\Tyuiu.PomazDS.Sprint2.Task5.V1.Test.csproj", "{C065A2C8-0D1F-4B01-93F3-E002FD505656}"
EndProject
Global
	GlobalSection(SolutionConfigurationPlatforms) = preSolution
		Debug|Any CPU = Debug|Any CPU
		Release|Any CPU = Release|Any CPU
	EndGlobalSection
	GlobalSection(ProjectConfigurationPlatforms) = postSolution
		{84145353-4A15-4C5C-8789-A659040BF418}.Debug|Any CPU.ActiveCfg = Debug|Any CPU
		{84145353-4A15-4C5C-8789-A659040BF418}.Debug|Any CPU.Build.0 = Debug|Any CPU
		{84145353-4A15-4C5C-8789-A659040BF418}.Release|Any CPU.ActiveCfg = Release|Any CPU
		{84145353-4A15-4C5C-8789-A659040BF418}.Release|Any CPU.Build.0 = Release|Any CPU
		{47E475A2-8E78-4490-B3BA-71A24E537A14}.Debug|Any CPU.ActiveCfg = Debug|Any CPU
		{47E475A2-8E78-4490-B3BA-71A24E537A14}.Debug|Any CPU.Build.0 = Debug|Any CPU
		{47E475A2-8E78-4490-B3BA-71A24E537A14}.Release|Any CPU.ActiveCfg = Release|Any CPU
		{47E475A2-8E78-4490-B3BA-71A24E537A14}.Release|Any CPU.Build.0 = Release|Any CPU
		{94389FFB-D09A-4BBA-B3AC-9F5BD180B1BD}.Debug|Any CPU.ActiveCfg = Debug|Any CPU
		{94389FFB-D09A-4BBA-B3AC-9F5BD180B1BD}.Debug|Any CPU.Build.0 = Debug|Any CPU
		{94389FFB-D09A-4BBA-B3AC-9F5BD180B1BD}.Release|Any CPU.ActiveCfg = Release|Any CPU
		{94389FFB-D09A-4BBA-B3AC-9F5BD180B1BD}.Release|Any CPU.Build.0 = Release|Any CPU
		{D4493D08-04B2-4C30-8270-9523EFC11641}.Debug|Any CPU.ActiveCfg = Debug|Any CPU
		{D4493D08-04B2-4C30-8270-9523EFC11641}.Debug|Any CPU.Build.0 = Debug|Any CPU
		{D4493D08-04B2-4C30-8270-9523EFC11641}.Release|Any CPU.ActiveCfg = Release|Any CPU
		{D4493D08-04B2-4C30-8270-9523EFC11641}.Release|Any CPU.Build.0 = Release|Any CPU
		{83684BDC-ACE8-466C-9847-A3C7AFC54760}.Debug|Any CPU.ActiveCfg = Debug|Any CPU
		{83684BDC-ACE8-466C-9847-A3C7AFC54760}.Debug|Any CPU.Build.0 = Debug|Any CPU
		{83684BDC-ACE8-466C-9847-A3C7AFC54760}.Release|Any CPU.ActiveCfg = Release|Any CPU
		{83684BDC-ACE8-466C-9847-A3C7AFC54760}.Release|Any CPU.Build.0 = Release|Any CPU
		{62E9CE80-1826-4E62-9FD2-CF0BF2B9ABE9}.Debug|Any CPU.ActiveCfg = Debug|Any CPU
		{62E9CE80-1826-4E62-9FD2-CF0BF2B9ABE9}.Debug|Any CPU.Build.0 = Debug|Any CPU
		{62E9CE80-1826-4E62-9FD2-CF0BF2B9ABE9}.Release|Any CPU.ActiveCfg = Release|Any CPU
		{62E9CE80-1826-4E62-9FD2-CF0BF2B9ABE9}.Release|Any CPU.Build.0 = Release|Any CPU
		{AE2D808A-60E4-47E4-A82A-3885E116628F}.Debug|Any CPU.ActiveCfg = Debug|Any CPU
		{AE2D808A-60E4-47E4-A82A-3885E116628F}.Debug|Any CPU.Build.0 = Debug|Any CPU
		{AE2D808A-60E4-47E4-A82A-3885E116628F}.Release|Any CPU.ActiveCfg = Release|Any CPU
		{AE2D808A-60E4-47E4-A82A-3885E116628F}.Release|Any CPU.Build.0 = Release|Any CPU
		{B3F1CF2B-5791-4BAC-B82B-496804CAC958}.Debug|Any CPU.ActiveCfg = Debug|Any CPU
		{B3F1CF2B-5791-4BAC-B82B-496804CAC958}.Debug|Any CPU.Build.0 = Debug|Any CPU
		{B3F1CF2B-5791-4BAC-B82B-496804CAC958}.Release|Any CPU.ActiveCfg = Release|Any CPU
		{B3F1CF2B-5791-4BAC-B82B-496804CAC958}.Release|Any CPU.Build.0 = Release|Any CPU
		{4FE4968D-CED4-4F19-82B4-DBEA2B9FCC07}.Debug|Any CPU.ActiveCfg = Debug|Any CPU
		{4FE4968D-CED4-4F19-82B4-DBEA2B9FCC07}.Debug|Any CPU.Build.0 = Debug|Any CPU
		{4FE4968D-CED4-4F19-82B4-DBEA2B9FCC07}.Release|Any CPU.ActiveCfg = Release|Any CPU
		{4FE4968D-CED4-4F19-82B4-DBEA2B9FCC07}.Release|Any CPU.Build.0 = Release|Any CPU
		{82FEBC60-95F4-4F4B-B21C-F5D3821CC1AB}.Debug|Any CPU.ActiveCfg = Debug|Any CPU
		{82FEBC60-95F4-4F4B-B21C-F5D3821CC1AB}.Debug|Any CPU.Build.0 = Debug|Any CPU
		{82FEBC60-95F4-4F4B-B21C-F5D3821CC1AB}.Release|Any CPU.ActiveCfg = Release|Any CPU
		{82FEBC60-95F4-4F4B-B21C-F5D3821CC1AB}.Release|Any CPU.Build.0 = Release|Any CPU
		{433C76FF-7ACE-49CD-AA98-17058325C328}.Debug|Any CPU.ActiveCfg = Debug|Any CPU
		{433C76FF-7ACE-49CD-AA98-17058325C328}.Debug|Any CPU.Build.0 = Debug|Any CPU
		{433C76FF-7ACE-49CD-AA98-17058325C328}.Release|Any CPU.ActiveCfg = Release|Any CPU
		{433C76FF-7ACE-49CD-AA98-17058325C328}.Release|Any CPU.Build.0 = Release|Any CPU
		{1CD1AC21-5AD5-4FAA-B286-444C388E970B}.Debug|Any CPU.ActiveCfg = Debug|Any CPU
		{1CD1AC21-5AD5-4FAA-B286-444C388E970B}.Debug|Any CPU.Build.0 = Debug|Any CPU
		{1CD1AC21-5AD5-4FAA-B286-444C388E970B}.Release|Any CPU.ActiveCfg = Release|Any CPU
		{1CD1AC21-5AD5-4FAA-B286-444C388E970B}.Release|Any CPU.Build.0 = Release|Any CPU
		{1B76F253-D0DD-4F53-AB2C-AA19C7B423BA}.Debug|Any CPU.ActiveCfg = Debug|Any CPU
		{1B76F253-D0DD-4F53-AB2C-AA19C7B423BA}.Debug|Any CPU.Build.0 = Debug|Any CPU
		{1B76F253-D0DD-4F53-AB2C-AA19C7B423BA}.Release|Any CPU.ActiveCfg = Release|Any CPU
		{1B76F253-D0DD-4F53-AB2C-AA19C7B423BA}.Release|Any CPU.Build.0 = Release|Any CPU
		{C53D1C59-7184-4CA6-B63F-890924F68E67}.Debug|Any CPU.ActiveCfg = Debug|Any CPU
		{C53D1C59-7184-4CA6-B63F-890924F68E67}.Debug|Any CPU.Build.0 = Debug|Any CPU
		{C53D1C59-7184-4CA6-B63F-890924F68E67}.Release|Any CPU.ActiveCfg = Release|Any CPU
		{C53D1C59-7184-4CA6-B63F-890924F68E67}.Release|Any CPU.Build.0 = Release|Any CPU
		{6BFAC825-537E-4F7C-9403-90ED39655C30}.Debug|Any CPU.ActiveCfg = Debug|Any CPU
		{6BFAC825-537E-4F7C-9403-90ED39655C30}.Debug|Any CPU.Build.0 = Debug|Any CPU
		{6BFAC825-537E-4F7C-9403-90ED39655C30}.Release|Any CPU.ActiveCfg = Release|Any CPU
		{6BFAC825-537E-4F7C-9403-90ED39655C30}.Release|Any CPU.Build.0 = Release|Any CPU
		{8B1EEFD9-F4DC-4175-A369-EA8C81A871CE}.Debug|Any CPU.ActiveCfg = Debug|Any CPU
		{8B1EEFD9-F4DC-4175-A369-EA8C81A871CE}.Debug|Any CPU.Build.0 = Debug|Any CPU
		{8B1EEFD9-F4DC-4175-A369-EA8C81A871CE}.Release|Any CPU.ActiveCfg = Release|Any CPU
		{8B1EEFD9-F4DC-4175-A369-EA8C81A871CE}.Release|Any CPU.Build.0 = Release|Any CPU
		{F307779D-F67F-4320-9D89-9290ECF01EEE}.Debug|Any CPU.ActiveCfg = Debug|Any CPU
		{F307779D-F67F-4320-9D89-9290ECF01EEE}.Debug|Any CPU.Build.0 = Debug|Any CPU
		{F307779D-F67F-4320-9D89-9290ECF01EEE}.Release|Any CPU.ActiveCfg = Release|Any CPU
		{F307779D-F67F-4320-9D89-9290ECF01EEE}.Release|Any CPU.Build.0 = Release|Any CPU
		{C065A2C8-0D1F-4B01-93F3-E002FD505656}.Debug|Any CPU.ActiveCfg = Debug|Any CPU
		{C065A2C8-0D1F-4B01-93F3-E002FD505656}.Debug|Any CPU.Build.0 = Debug|Any CPU
		{C065A2C8-0D1F-4B01-93F3-E002FD505656}.Release|Any CPU.ActiveCfg = Release|Any CPU
		{C065A2C8-0D1F-4B01-93F3-E002FD505656}.Release|Any CPU.Build.0 = Release|Any CPU
	EndGlobalSection
	GlobalSection(SolutionProperties) = preSolution
		HideSolutionNode = FALSE
	EndGlobalSection
	GlobalSection(NestedProjects) = preSolution
		{84145353-4A15-4C5C-8789-A659040BF418} = {74DAC428-D1AD-4D26-89B9-EAA57EB34BA1}
		{47E475A2-8E78-4490-B3BA-71A24E537A14} = {74DAC428-D1AD-4D26-89B9-EAA57EB34BA1}
		{94389FFB-D09A-4BBA-B3AC-9F5BD180B1BD} = {74DAC428-D1AD-4D26-89B9-EAA57EB34BA1}
		{D4493D08-04B2-4C30-8270-9523EFC11641} = {F3588B30-C22C-4DF9-9EB2-3C18CD44F455}
		{83684BDC-ACE8-466C-9847-A3C7AFC54760} = {F3588B30-C22C-4DF9-9EB2-3C18CD44F455}
		{62E9CE80-1826-4E62-9FD2-CF0BF2B9ABE9} = {F3588B30-C22C-4DF9-9EB2-3C18CD44F455}
		{AE2D808A-60E4-47E4-A82A-3885E116628F} = {1C02D514-20A7-47BE-ABA3-F4144437F90E}
		{B3F1CF2B-5791-4BAC-B82B-496804CAC958} = {1C02D514-20A7-47BE-ABA3-F4144437F90E}
		{4FE4968D-CED4-4F19-82B4-DBEA2B9FCC07} = {1C02D514-20A7-47BE-ABA3-F4144437F90E}
		{82FEBC60-95F4-4F4B-B21C-F5D3821CC1AB} = {42859ADD-A350-4E26-975F-C933CC6ADEC0}
		{433C76FF-7ACE-49CD-AA98-17058325C328} = {42859ADD-A350-4E26-975F-C933CC6ADEC0}
		{1CD1AC21-5AD5-4FAA-B286-444C388E970B} = {42859ADD-A350-4E26-975F-C933CC6ADEC0}
		{1B76F253-D0DD-4F53-AB2C-AA19C7B423BA} = {703F5585-79DC-4200-9179-3B03BD34DE60}
		{C53D1C59-7184-4CA6-B63F-890924F68E67} = {703F5585-79DC-4200-9179-3B03BD34DE60}
		{6BFAC825-537E-4F7C-9403-90ED39655C30} = {703F5585-79DC-4200-9179-3B03BD34DE60}
		{8B1EEFD9-F4DC-4175-A369-EA8C81A871CE} = {8F22C872-BE98-480E-89A4-154AEA82D83B}
		{F307779D-F67F-4320-9D89-9290ECF01EEE} = {8F22C872-BE98-480E-89A4-154AEA82D83B}
		{C065A2C8-0D1F-4B01-93F3-E002FD505656} = {8F22C872-BE98-480E-89A4-154AEA82D83B}
	EndGlobalSection
	GlobalSection(ExtensibilityGlobals) = postSolution
		SolutionGuid = {F3B55A50-F4B5-4396-9B6E-FC10484592B4}
	EndGlobalSection
EndGlobal
